
Microsoft Visual Studio Solution File, Format Version 12.00
# Visual Studio Version 16
VisualStudioVersion = 16.0.30907.101
MinimumVisualStudioVersion = 10.0.40219.1
Project("{FAE04EC0-301F-11D3-BF4B-00C04F79EFBC}") = "Part4_Antivirus", "Part4_Antivirus\Part4_Antivirus.csproj", "{598C34F1-734F-4080-B866-BEE5B30DE539}"
EndProject
Global
	GlobalSection(SolutionConfigurationPlatforms) = preSolution
		Debug|Any CPU = Debug|Any CPU
		Release|Any CPU = Release|Any CPU
	EndGlobalSection
	GlobalSection(ProjectConfigurationPlatforms) = postSolution
		{598C34F1-734F-4080-B866-BEE5B30DE539}.Debug|Any CPU.ActiveCfg = Debug|Any CPU
		{598C34F1-734F-4080-B866-BEE5B30DE539}.Debug|Any CPU.Build.0 = Debug|Any CPU
		{598C34F1-734F-4080-B866-BEE5B30DE539}.Release|Any CPU.ActiveCfg = Release|Any CPU
		{598C34F1-734F-4080-B866-BEE5B30DE539}.Release|Any CPU.Build.0 = Release|Any CPU
	EndGlobalSection
	GlobalSection(SolutionProperties) = preSolution
		HideSolutionNode = FALSE
	EndGlobalSection
	GlobalSection(ExtensibilityGlobals) = postSolution
		SolutionGuid = {C88400F9-BBB4-4997-96E5-DF0ACBA79F35}
	EndGlobalSection
EndGlobal
