
Microsoft Visual Studio Solution File, Format Version 12.00
# Visual Studio Version 16
VisualStudioVersion = 16.0.30907.101
MinimumVisualStudioVersion = 10.0.40219.1
Project("{FAE04EC0-301F-11D3-BF4B-00C04F79EFBC}") = "UI_Antivirus", "UI_Antivirus\UI_Antivirus.csproj", "{983F8F61-E9EB-49E3-B36B-8061017DE7D6}"
EndProject
Global
	GlobalSection(SolutionConfigurationPlatforms) = preSolution
		Debug|Any CPU = Debug|Any CPU
		Release|Any CPU = Release|Any CPU
	EndGlobalSection
	GlobalSection(ProjectConfigurationPlatforms) = postSolution
		{983F8F61-E9EB-49E3-B36B-8061017DE7D6}.Debug|Any CPU.ActiveCfg = Debug|Any CPU
		{983F8F61-E9EB-49E3-B36B-8061017DE7D6}.Debug|Any CPU.Build.0 = Debug|Any CPU
		{983F8F61-E9EB-49E3-B36B-8061017DE7D6}.Release|Any CPU.ActiveCfg = Release|Any CPU
		{983F8F61-E9EB-49E3-B36B-8061017DE7D6}.Release|Any CPU.Build.0 = Release|Any CPU
	EndGlobalSection
	GlobalSection(SolutionProperties) = preSolution
		HideSolutionNode = FALSE
	EndGlobalSection
	GlobalSection(ExtensibilityGlobals) = postSolution
		SolutionGuid = {01CB6FD3-D446-409B-B221-5F0E96465517}
	EndGlobalSection
EndGlobal
