
Microsoft Visual Studio Solution File, Format Version 12.00
# Visual Studio Version 16
VisualStudioVersion = 16.0.30907.101
MinimumVisualStudioVersion = 10.0.40219.1
Project("{FAE04EC0-301F-11D3-BF4B-00C04F79EFBC}") = "TestConsoleClient", "TestConsoleClient\TestConsoleClient.csproj", "{797BACD4-73E2-419C-A9A3-53E1170A1C37}"
EndProject
Global
	GlobalSection(SolutionConfigurationPlatforms) = preSolution
		Debug|Any CPU = Debug|Any CPU
		Release|Any CPU = Release|Any CPU
	EndGlobalSection
	GlobalSection(ProjectConfigurationPlatforms) = postSolution
		{797BACD4-73E2-419C-A9A3-53E1170A1C37}.Debug|Any CPU.ActiveCfg = Debug|Any CPU
		{797BACD4-73E2-419C-A9A3-53E1170A1C37}.Debug|Any CPU.Build.0 = Debug|Any CPU
		{797BACD4-73E2-419C-A9A3-53E1170A1C37}.Release|Any CPU.ActiveCfg = Release|Any CPU
		{797BACD4-73E2-419C-A9A3-53E1170A1C37}.Release|Any CPU.Build.0 = Release|Any CPU
	EndGlobalSection
	GlobalSection(SolutionProperties) = preSolution
		HideSolutionNode = FALSE
	EndGlobalSection
	GlobalSection(ExtensibilityGlobals) = postSolution
		SolutionGuid = {462E929B-4B55-4EE2-9C28-CBC3DF5C4BEB}
	EndGlobalSection
EndGlobal
