
Microsoft Visual Studio Solution File, Format Version 12.00
# Visual Studio Version 16
VisualStudioVersion = 16.0.30907.101
MinimumVisualStudioVersion = 10.0.40219.1
Project("{FAE04EC0-301F-11D3-BF4B-00C04F79EFBC}") = "ConsoleTest", "ConsoleTest\ConsoleTest.csproj", "{0770D2BE-DF38-485E-A287-275A72F9AFFE}"
EndProject
Global
	GlobalSection(SolutionConfigurationPlatforms) = preSolution
		Debug|Any CPU = Debug|Any CPU
		Release|Any CPU = Release|Any CPU
	EndGlobalSection
	GlobalSection(ProjectConfigurationPlatforms) = postSolution
		{0770D2BE-DF38-485E-A287-275A72F9AFFE}.Debug|Any CPU.ActiveCfg = Debug|Any CPU
		{0770D2BE-DF38-485E-A287-275A72F9AFFE}.Debug|Any CPU.Build.0 = Debug|Any CPU
		{0770D2BE-DF38-485E-A287-275A72F9AFFE}.Release|Any CPU.ActiveCfg = Release|Any CPU
		{0770D2BE-DF38-485E-A287-275A72F9AFFE}.Release|Any CPU.Build.0 = Release|Any CPU
	EndGlobalSection
	GlobalSection(SolutionProperties) = preSolution
		HideSolutionNode = FALSE
	EndGlobalSection
	GlobalSection(ExtensibilityGlobals) = postSolution
		SolutionGuid = {EE8FA271-5D2F-4E20-A201-CC491046F471}
	EndGlobalSection
EndGlobal
